
Microsoft Visual Studio Solution File, Format Version 12.00
# Visual Studio Version 17
VisualStudioVersion = 17.4.33213.308
MinimumVisualStudioVersion = 10.0.40219.1
Project("{FAE04EC0-301F-11D3-BF4B-00C04F79EFBC}") = "Snake", "Snake.csproj", "{3D132787-3CEF-45D8-98E4-3F1D09AA7846}"
EndProject
Project("{2150E333-8FDC-42A3-9474-1A3956D46DE8}") = "Элементы решения", "Элементы решения", "{2EEAA5AA-1288-45F9-9D38-0B497D27247A}"
	ProjectSection(SolutionItems) = preProject
		Direction.cs = Direction.cs
	EndProjectSection
EndProject
Global
	GlobalSection(SolutionConfigurationPlatforms) = preSolution
		Debug|Any CPU = Debug|Any CPU
		Release|Any CPU = Release|Any CPU
	EndGlobalSection
	GlobalSection(ProjectConfigurationPlatforms) = postSolution
		{3D132787-3CEF-45D8-98E4-3F1D09AA7846}.Debug|Any CPU.ActiveCfg = Debug|Any CPU
		{3D132787-3CEF-45D8-98E4-3F1D09AA7846}.Debug|Any CPU.Build.0 = Debug|Any CPU
		{3D132787-3CEF-45D8-98E4-3F1D09AA7846}.Release|Any CPU.ActiveCfg = Release|Any CPU
		{3D132787-3CEF-45D8-98E4-3F1D09AA7846}.Release|Any CPU.Build.0 = Release|Any CPU
	EndGlobalSection
	GlobalSection(SolutionProperties) = preSolution
		HideSolutionNode = FALSE
	EndGlobalSection
	GlobalSection(ExtensibilityGlobals) = postSolution
		SolutionGuid = {323A70F5-F192-4662-BD18-B800B8FE373C}
	EndGlobalSection
EndGlobal
